
Microsoft Visual Studio Solution File, Format Version 12.00
# Visual Studio Version 17
VisualStudioVersion = 17.8.34525.116
MinimumVisualStudioVersion = 10.0.40219.1
Project("{FAE04EC0-301F-11D3-BF4B-00C04F79EFBC}") = "DynaDesign2024", "DynaDesign2024\DynaDesign2024.csproj", "{3DD0D785-15C2-43B0-82FA-749DF6BEBA18}"
EndProject
Project("{D954291E-2A0B-460D-934E-DC6B0785DB48}") = "DynaDesignCommon", "DynaDesignCommon\DynaDesignCommon.shproj", "{B62EB6FF-3DB6-4EBB-B457-76962D5BEF6E}"
EndProject
Project("{D954291E-2A0B-460D-934E-DC6B0785DB48}") = "DynaDesignNodeModels", "DynaDesignNodeModels\DynaDesignNodeModels.shproj", "{5FD30954-813A-4E4A-A8C8-6A06784491E2}"
EndProject
Project("{FAE04EC0-301F-11D3-BF4B-00C04F79EFBC}") = "DynaDesignNM2024", "DynaDesignNM2024\DynaDesignNM2024.csproj", "{B7255601-28B6-4188-A9DB-0EDC9E40681D}"
EndProject
Project("{FAE04EC0-301F-11D3-BF4B-00C04F79EFBC}") = "DynaDesign2023", "DynaDesign2023\DynaDesign2023.csproj", "{00094D63-0617-48E1-AF84-1FD100C95FBD}"
EndProject
Project("{FAE04EC0-301F-11D3-BF4B-00C04F79EFBC}") = "DynaDesignNM2023", "DynaDesignNM2023\DynaDesignNM2023.csproj", "{FC17CF0D-37E9-4C1F-9BB2-B09F911EB503}"
EndProject
Global
	GlobalSection(SolutionConfigurationPlatforms) = preSolution
		Debug|Any CPU = Debug|Any CPU
		Release|Any CPU = Release|Any CPU
	EndGlobalSection
	GlobalSection(ProjectConfigurationPlatforms) = postSolution
		{3DD0D785-15C2-43B0-82FA-749DF6BEBA18}.Debug|Any CPU.ActiveCfg = Debug|Any CPU
		{3DD0D785-15C2-43B0-82FA-749DF6BEBA18}.Debug|Any CPU.Build.0 = Debug|Any CPU
		{3DD0D785-15C2-43B0-82FA-749DF6BEBA18}.Release|Any CPU.ActiveCfg = Release|Any CPU
		{3DD0D785-15C2-43B0-82FA-749DF6BEBA18}.Release|Any CPU.Build.0 = Release|Any CPU
		{B7255601-28B6-4188-A9DB-0EDC9E40681D}.Debug|Any CPU.ActiveCfg = Debug|Any CPU
		{B7255601-28B6-4188-A9DB-0EDC9E40681D}.Debug|Any CPU.Build.0 = Debug|Any CPU
		{B7255601-28B6-4188-A9DB-0EDC9E40681D}.Release|Any CPU.ActiveCfg = Release|Any CPU
		{B7255601-28B6-4188-A9DB-0EDC9E40681D}.Release|Any CPU.Build.0 = Release|Any CPU
		{00094D63-0617-48E1-AF84-1FD100C95FBD}.Debug|Any CPU.ActiveCfg = Debug|Any CPU
		{00094D63-0617-48E1-AF84-1FD100C95FBD}.Debug|Any CPU.Build.0 = Debug|Any CPU
		{00094D63-0617-48E1-AF84-1FD100C95FBD}.Release|Any CPU.ActiveCfg = Release|Any CPU
		{00094D63-0617-48E1-AF84-1FD100C95FBD}.Release|Any CPU.Build.0 = Release|Any CPU
		{FC17CF0D-37E9-4C1F-9BB2-B09F911EB503}.Debug|Any CPU.ActiveCfg = Debug|Any CPU
		{FC17CF0D-37E9-4C1F-9BB2-B09F911EB503}.Debug|Any CPU.Build.0 = Debug|Any CPU
		{FC17CF0D-37E9-4C1F-9BB2-B09F911EB503}.Release|Any CPU.ActiveCfg = Release|Any CPU
		{FC17CF0D-37E9-4C1F-9BB2-B09F911EB503}.Release|Any CPU.Build.0 = Release|Any CPU
	EndGlobalSection
	GlobalSection(SolutionProperties) = preSolution
		HideSolutionNode = FALSE
	EndGlobalSection
	GlobalSection(ExtensibilityGlobals) = postSolution
		SolutionGuid = {39B4781B-6EE6-440A-849E-7A1681C1AD4D}
	EndGlobalSection
	GlobalSection(SharedMSBuildProjectFiles) = preSolution
		DynaDesignCommon\DynaDesignCommon.projitems*{00094d63-0617-48e1-af84-1fd100c95fbd}*SharedItemsImports = 4
		DynaDesignCommon\DynaDesignCommon.projitems*{3dd0d785-15c2-43b0-82fa-749df6beba18}*SharedItemsImports = 4
		DynaDesignNodeModels\DynaDesignNodeModels.projitems*{5fd30954-813a-4e4a-a8c8-6a06784491e2}*SharedItemsImports = 13
		DynaDesignCommon\DynaDesignCommon.projitems*{b62eb6ff-3db6-4ebb-b457-76962d5bef6e}*SharedItemsImports = 13
		DynaDesignNodeModels\DynaDesignNodeModels.projitems*{b7255601-28b6-4188-a9db-0edc9e40681d}*SharedItemsImports = 4
		DynaDesignNodeModels\DynaDesignNodeModels.projitems*{fc17cf0d-37e9-4c1f-9bb2-b09f911eb503}*SharedItemsImports = 4
	EndGlobalSection
EndGlobal
